Microsoft Visual Studio Solution File, Format Version 12.00
# Visual Studio Version 17
VisualStudioVersion = 17.5.2.0
MinimumVisualStudioVersion = 10.0.40219.1
Project("{FAE04EC0-301F-11D3-BF4B-00C04F79EFBC}") = "Nayasasolution", "Nayasasolution\Nayasasolution.csproj", "{F075AA6A-C3F7-0DA0-2D53-BC2DA57CCB7B}"
EndProject
Global
	GlobalSection(SolutionConfigurationPlatforms) = preSolution
		Debug|Any CPU = Debug|Any CPU
		Release|Any CPU = Release|Any CPU
	EndGlobalSection
	GlobalSection(ProjectConfigurationPlatforms) = postSolution
		{F075AA6A-C3F7-0DA0-2D53-BC2DA57CCB7B}.Debug|Any CPU.ActiveCfg = Debug|Any CPU
		{F075AA6A-C3F7-0DA0-2D53-BC2DA57CCB7B}.Debug|Any CPU.Build.0 = Debug|Any CPU
		{F075AA6A-C3F7-0DA0-2D53-BC2DA57CCB7B}.Release|Any CPU.ActiveCfg = Release|Any CPU
		{F075AA6A-C3F7-0DA0-2D53-BC2DA57CCB7B}.Release|Any CPU.Build.0 = Release|Any CPU
	EndGlobalSection
	GlobalSection(SolutionProperties) = preSolution
		HideSolutionNode = FALSE
	EndGlobalSection
	GlobalSection(ExtensibilityGlobals) = postSolution
		SolutionGuid = {6A944CF7-35F3-4094-BE29-644581501C4E}
	EndGlobalSection
EndGlobal
