Microsoft Visual Studio Solution File, Format Version 12.00
# Visual Studio Version 17
VisualStudioVersion = 17.5.2.0
MinimumVisualStudioVersion = 10.0.40219.1
Project("{FAE04EC0-301F-11D3-BF4B-00C04F79EFBC}") = "Nayasasolution", "Nayasasolution.csproj", "{D035DE14-AE19-625E-A333-D914CC35B82F}"
EndProject
Global
	GlobalSection(SolutionConfigurationPlatforms) = preSolution
		Debug|Any CPU = Debug|Any CPU
		Release|Any CPU = Release|Any CPU
	EndGlobalSection
	GlobalSection(ProjectConfigurationPlatforms) = postSolution
		{D035DE14-AE19-625E-A333-D914CC35B82F}.Debug|Any CPU.ActiveCfg = Debug|Any CPU
		{D035DE14-AE19-625E-A333-D914CC35B82F}.Debug|Any CPU.Build.0 = Debug|Any CPU
		{D035DE14-AE19-625E-A333-D914CC35B82F}.Release|Any CPU.ActiveCfg = Release|Any CPU
		{D035DE14-AE19-625E-A333-D914CC35B82F}.Release|Any CPU.Build.0 = Release|Any CPU
	EndGlobalSection
	GlobalSection(SolutionProperties) = preSolution
		HideSolutionNode = FALSE
	EndGlobalSection
	GlobalSection(ExtensibilityGlobals) = postSolution
		SolutionGuid = {4B8DC7FB-0C6F-4567-98EC-46839B8E80D4}
	EndGlobalSection
EndGlobal
